// !$*UTF8*$!
{
	archiveVersion = 1;
	classes = {
	};
	objectVersion = 50;
	objects = {

/* Begin PBXBuildFile section */
		E307540C270A33E30054CDF1 /* AppDelegate.swift in Sources */ = {isa = PBXBuildFile; fileRef = E307540B270A33E30054CDF1 /* AppDelegate.swift */; };
		E3075416270A33E30054CDF1 /* CoreDataAlarms.xcdatamodeld in Sources */ = {isa = PBXBuildFile; fileRef = E3075414270A33E30054CDF1 /* CoreDataAlarms.xcdatamodeld */; };
		E3075418270A33E90054CDF1 /* Assets.xcassets in Resources */ = {isa = PBXBuildFile; fileRef = E3075417270A33E90054CDF1 /* Assets.xcassets */; };
		E307541B270A33E90054CDF1 /* LaunchScreen.storyboard in Resources */ = {isa = PBXBuildFile; fileRef = E3075419270A33E90054CDF1 /* LaunchScreen.storyboard */; };
		E3075428270A353D0054CDF1 /* TabBarController.swift in Sources */ = {isa = PBXBuildFile; fileRef = E3075427270A353D0054CDF1 /* TabBarController.swift */; };
		E33BD5C8270A38B900D6EA7C /* CollectionVC.swift in Sources */ = {isa = PBXBuildFile; fileRef = E33BD5C7270A38B900D6EA7C /* CollectionVC.swift */; };
		E36E76B72714CF3200BE566D /* AlarmUpdateObserver.swift in Sources */ = {isa = PBXBuildFile; fileRef = E36E76B62714CF3200BE566D /* AlarmUpdateObserver.swift */; };
		E36E76BA2714D91300BE566D /* AlarmTableViewCell.swift in Sources */ = {isa = PBXBuildFile; fileRef = E36E76B92714D91300BE566D /* AlarmTableViewCell.swift */; };
		E36E76BD27161AA000BE566D /* StackAlarmItem.swift in Sources */ = {isa = PBXBuildFile; fileRef = E36E76BC27161AA000BE566D /* StackAlarmItem.swift */; };
		E3A6A01E270A3CD1005D2AEA /* TableVC.swift in Sources */ = {isa = PBXBuildFile; fileRef = E3A6A018270A3CD1005D2AEA /* TableVC.swift */; };
		E3A6A02B270A3DCB005D2AEA /* StackVC.swift in Sources */ = {isa = PBXBuildFile; fileRef = E3A6A025270A3DCB005D2AEA /* StackVC.swift */; };
		E3A6A02E270A424B005D2AEA /* AlarmCollectionViewCell.swift in Sources */ = {isa = PBXBuildFile; fileRef = E3A6A02D270A424B005D2AEA /* AlarmCollectionViewCell.swift */; };
		E3A6A031270A48A7005D2AEA /* Alarm+CoreDataClass.swift in Sources */ = {isa = PBXBuildFile; fileRef = E3A6A02F270A48A7005D2AEA /* Alarm+CoreDataClass.swift */; };
		E3A6A032270A48A7005D2AEA /* Alarm+CoreDataProperties.swift in Sources */ = {isa = PBXBuildFile; fileRef = E3A6A030270A48A7005D2AEA /* Alarm+CoreDataProperties.swift */; };
		E3A6A034270A498C005D2AEA /* CoreDataWorker.swift in Sources */ = {isa = PBXBuildFile; fileRef = E3A6A033270A498C005D2AEA /* CoreDataWorker.swift */; };
		E3A6A03B270B882F005D2AEA /* NewAlarmInteractor.swift in Sources */ = {isa = PBXBuildFile; fileRef = E3A6A036270B882F005D2AEA /* NewAlarmInteractor.swift */; };
		E3A6A03C270B882F005D2AEA /* NewAlarmRouter.swift in Sources */ = {isa = PBXBuildFile; fileRef = E3A6A037270B882F005D2AEA /* NewAlarmRouter.swift */; };
		E3A6A03D270B882F005D2AEA /* NewAlarmPresenter.swift in Sources */ = {isa = PBXBuildFile; fileRef = E3A6A038270B882F005D2AEA /* NewAlarmPresenter.swift */; };
		E3A6A03E270B882F005D2AEA /* NewAlarmGraph.swift in Sources */ = {isa = PBXBuildFile; fileRef = E3A6A039270B882F005D2AEA /* NewAlarmGraph.swift */; };
		E3A6A03F270B882F005D2AEA /* NewAlarmVC.swift in Sources */ = {isa = PBXBuildFile; fileRef = E3A6A03A270B882F005D2AEA /* NewAlarmVC.swift */; };
		E3A6A042270B8956005D2AEA /* UIViewController+Utils.swift in Sources */ = {isa = PBXBuildFile; fileRef = E3A6A041270B8956005D2AEA /* UIViewController+Utils.swift */; };
		E3A6A045270B9033005D2AEA /* AlarmsListPresenter.swift in Sources */ = {isa = PBXBuildFile; fileRef = E3A6A044270B9033005D2AEA /* AlarmsListPresenter.swift */; };
		E3A6A047270B9041005D2AEA /* AlarmsListInteractor.swift in Sources */ = {isa = PBXBuildFile; fileRef = E3A6A046270B9041005D2AEA /* AlarmsListInteractor.swift */; };
		E3A6A049270B904D005D2AEA /* AlarmsListRouter.swift in Sources */ = {isa = PBXBuildFile; fileRef = E3A6A048270B904D005D2AEA /* AlarmsListRouter.swift */; };
		E3A6A04B270B9058005D2AEA /* AlarmsListGraph.swift in Sources */ = {isa = PBXBuildFile; fileRef = E3A6A04A270B9058005D2AEA /* AlarmsListGraph.swift */; };
		E3A6A04D270B9143005D2AEA /* IAlarmsListVC.swift in Sources */ = {isa = PBXBuildFile; fileRef = E3A6A04C270B9143005D2AEA /* IAlarmsListVC.swift */; };
/* End PBXBuildFile section */

/* Begin PBXFileReference section */
		E3075408270A33E30054CDF1 /* sktimokhina@edu.hse.ruPW3.app */ = {isa = PBXFileReference; explicitFileType = wrapper.application; includeInIndex = 0; path = "sktimokhina@edu.hse.ruPW3.app"; sourceTree = BUILT_PRODUCTS_DIR; };
		E307540B270A33E30054CDF1 /* AppDelegate.swift */ = {isa = PBXFileReference; lastKnownFileType = sourcecode.swift; path = AppDelegate.swift; sourceTree = "<group>"; };
		E3075415270A33E30054CDF1 /* sktimokhina_edu_hse_ruPW3.xcdatamodel */ = {isa = PBXFileReference; lastKnownFileType = wrapper.xcdatamodel; path = sktimokhina_edu_hse_ruPW3.xcdatamodel; sourceTree = "<group>"; };
		E3075417270A33E90054CDF1 /* Assets.xcassets */ = {isa = PBXFileReference; lastKnownFileType = folder.assetcatalog; path = Assets.xcassets; sourceTree = "<group>"; };
		E307541A270A33E90054CDF1 /* Base */ = {isa = PBXFileReference; lastKnownFileType = file.storyboard; name = Base; path = Base.lproj/LaunchScreen.storyboard; sourceTree = "<group>"; };
		E307541C270A33E90054CDF1 /* Info.plist */ = {isa = PBXFileReference; lastKnownFileType = text.plist.xml; path = Info.plist; sourceTree = "<group>"; };
		E3075427270A353D0054CDF1 /* TabBarController.swift */ = {isa = PBXFileReference; lastKnownFileType = sourcecode.swift; path = TabBarController.swift; sourceTree = "<group>"; };
		E33BD5C7270A38B900D6EA7C /* CollectionVC.swift */ = {isa = PBXFileReference; lastKnownFileType = sourcecode.swift; path = CollectionVC.swift; sourceTree = "<group>"; };
		E36E76B62714CF3200BE566D /* AlarmUpdateObserver.swift */ = {isa = PBXFileReference; lastKnownFileType = sourcecode.swift; path = AlarmUpdateObserver.swift; sourceTree = "<group>"; };
		E36E76B92714D91300BE566D /* AlarmTableViewCell.swift */ = {isa = PBXFileReference; lastKnownFileType = sourcecode.swift; path = AlarmTableViewCell.swift; sourceTree = "<group>"; };
		E36E76BC27161AA000BE566D /* StackAlarmItem.swift */ = {isa = PBXFileReference; lastKnownFileType = sourcecode.swift; path = StackAlarmItem.swift; sourceTree = "<group>"; };
		E3A6A018270A3CD1005D2AEA /* TableVC.swift */ = {isa = PBXFileReference; fileEncoding = 4; lastKnownFileType = sourcecode.swift; path = TableVC.swift; sourceTree = "<group>"; };
		E3A6A025270A3DCB005D2AEA /* StackVC.swift */ = {isa = PBXFileReference; fileEncoding = 4; lastKnownFileType = sourcecode.swift; path = StackVC.swift; sourceTree = "<group>"; };
		E3A6A02D270A424B005D2AEA /* AlarmCollectionViewCell.swift */ = {isa = PBXFileReference; lastKnownFileType = sourcecode.swift; path = AlarmCollectionViewCell.swift; sourceTree = "<group>"; };
		E3A6A02F270A48A7005D2AEA /* Alarm+CoreDataClass.swift */ = {isa = PBXFileReference; lastKnownFileType = sourcecode.swift; path = "Alarm+CoreDataClass.swift"; sourceTree = "<group>"; };
		E3A6A030270A48A7005D2AEA /* Alarm+CoreDataProperties.swift */ = {isa = PBXFileReference; lastKnownFileType = sourcecode.swift; path = "Alarm+CoreDataProperties.swift"; sourceTree = "<group>"; };
		E3A6A033270A498C005D2AEA /* CoreDataWorker.swift */ = {isa = PBXFileReference; lastKnownFileType = sourcecode.swift; path = CoreDataWorker.swift; sourceTree = "<group>"; };
		E3A6A036270B882F005D2AEA /* NewAlarmInteractor.swift */ = {isa = PBXFileReference; fileEncoding = 4; lastKnownFileType = sourcecode.swift; path = NewAlarmInteractor.swift; sourceTree = "<group>"; };
		E3A6A037270B882F005D2AEA /* NewAlarmRouter.swift */ = {isa = PBXFileReference; fileEncoding = 4; lastKnownFileType = sourcecode.swift; path = NewAlarmRouter.swift; sourceTree = "<group>"; };
		E3A6A038270B882F005D2AEA /* NewAlarmPresenter.swift */ = {isa = PBXFileReference; fileEncoding = 4; lastKnownFileType = sourcecode.swift; path = NewAlarmPresenter.swift; sourceTree = "<group>"; };
		E3A6A039270B882F005D2AEA /* NewAlarmGraph.swift */ = {isa = PBXFileReference; fileEncoding = 4; lastKnownFileType = sourcecode.swift; path = NewAlarmGraph.swift; sourceTree = "<group>"; };
		E3A6A03A270B882F005D2AEA /* NewAlarmVC.swift */ = {isa = PBXFileReference; fileEncoding = 4; lastKnownFileType = sourcecode.swift; path = NewAlarmVC.swift; sourceTree = "<group>"; };
		E3A6A041270B8956005D2AEA /* UIViewController+Utils.swift */ = {isa = PBXFileReference; lastKnownFileType = sourcecode.swift; path = "UIViewController+Utils.swift"; sourceTree = "<group>"; };
		E3A6A044270B9033005D2AEA /* AlarmsListPresenter.swift */ = {isa = PBXFileReference; lastKnownFileType = sourcecode.swift; path = AlarmsListPresenter.swift; sourceTree = "<group>"; };
		E3A6A046270B9041005D2AEA /* AlarmsListInteractor.swift */ = {isa = PBXFileReference; lastKnownFileType = sourcecode.swift; path = AlarmsListInteractor.swift; sourceTree = "<group>"; };
		E3A6A048270B904D005D2AEA /* AlarmsListRouter.swift */ = {isa = PBXFileReference; lastKnownFileType = sourcecode.swift; path = AlarmsListRouter.swift; sourceTree = "<group>"; };
		E3A6A04A270B9058005D2AEA /* AlarmsListGraph.swift */ = {isa = PBXFileReference; lastKnownFileType = sourcecode.swift; path = AlarmsListGraph.swift; sourceTree = "<group>"; };
		E3A6A04C270B9143005D2AEA /* IAlarmsListVC.swift */ = {isa = PBXFileReference; lastKnownFileType = sourcecode.swift; path = IAlarmsListVC.swift; sourceTree = "<group>"; };
/* End PBXFileReference section */

/* Begin PBXFrameworksBuildPhase section */
		E3075405270A33E30054CDF1 /* Frameworks */ = {
			isa = PBXFrameworksBuildPhase;
			buildActionMask = 2147483647;
			files = (
			);
			runOnlyForDeploymentPostprocessing = 0;
		};
/* End PBXFrameworksBuildPhase section */

/* Begin PBXGroup section */
		E30753FF270A33E30054CDF1 = {
			isa = PBXGroup;
			children = (
				E307540A270A33E30054CDF1 /* sktimokhina@edu.hse.ruPW3 */,
				E3075409270A33E30054CDF1 /* Products */,
			);
			sourceTree = "<group>";
		};
		E3075409270A33E30054CDF1 /* Products */ = {
			isa = PBXGroup;
			children = (
				E3075408270A33E30054CDF1 /* sktimokhina@edu.hse.ruPW3.app */,
			);
			name = Products;
			sourceTree = "<group>";
		};
		E307540A270A33E30054CDF1 /* sktimokhina@edu.hse.ruPW3 */ = {
			isa = PBXGroup;
			children = (
				E3A6A040270B8949005D2AEA /* Utils */,
				E307542B270A36360054CDF1 /* Models */,
				E3075422270A35060054CDF1 /* PresentationLayer */,
				E307540B270A33E30054CDF1 /* AppDelegate.swift */,
				E3075417270A33E90054CDF1 /* Assets.xcassets */,
				E3075419270A33E90054CDF1 /* LaunchScreen.storyboard */,
				E307541C270A33E90054CDF1 /* Info.plist */,
				E3075414270A33E30054CDF1 /* CoreDataAlarms.xcdatamodeld */,
			);
			path = "sktimokhina@edu.hse.ruPW3";
			sourceTree = "<group>";
		};
		E3075422270A35060054CDF1 /* PresentationLayer */ = {
			isa = PBXGroup;
			children = (
				E3075426270A352F0054CDF1 /* CustomElements */,
				E3A6A043270B901B005D2AEA /* Common */,
				E3A6A035270B87DA005D2AEA /* NewAlarm */,
				E3075425270A35220054CDF1 /* Collection */,
				E3075424270A351C0054CDF1 /* TableView */,
				E3075423270A35180054CDF1 /* Stack */,
			);
			path = PresentationLayer;
			sourceTree = "<group>";
		};
		E3075423270A35180054CDF1 /* Stack */ = {
			isa = PBXGroup;
			children = (
				E36E76BB27161A8E00BE566D /* CustomElements */,
				E3A6A025270A3DCB005D2AEA /* StackVC.swift */,
			);
			path = Stack;
			sourceTree = "<group>";
		};
		E3075424270A351C0054CDF1 /* TableView */ = {
			isa = PBXGroup;
			children = (
				E36E76B82714D90100BE566D /* CustomElements */,
				E3A6A018270A3CD1005D2AEA /* TableVC.swift */,
			);
			path = TableView;
			sourceTree = "<group>";
		};
		E3075425270A35220054CDF1 /* Collection */ = {
			isa = PBXGroup;
			children = (
				E3A6A02C270A4232005D2AEA /* CustomElements */,
				E33BD5C7270A38B900D6EA7C /* CollectionVC.swift */,
			);
			path = Collection;
			sourceTree = "<group>";
		};
		E3075426270A352F0054CDF1 /* CustomElements */ = {
			isa = PBXGroup;
			children = (
				E3075427270A353D0054CDF1 /* TabBarController.swift */,
			);
			path = CustomElements;
			sourceTree = "<group>";
		};
		E307542B270A36360054CDF1 /* Models */ = {
			isa = PBXGroup;
			children = (
				E3A6A02F270A48A7005D2AEA /* Alarm+CoreDataClass.swift */,
				E3A6A030270A48A7005D2AEA /* Alarm+CoreDataProperties.swift */,
			);
			path = Models;
			sourceTree = "<group>";
		};
		E36E76B82714D90100BE566D /* CustomElements */ = {
			isa = PBXGroup;
			children = (
				E36E76B92714D91300BE566D /* AlarmTableViewCell.swift */,
			);
			path = CustomElements;
			sourceTree = "<group>";
		};
		E36E76BB27161A8E00BE566D /* CustomElements */ = {
			isa = PBXGroup;
			children = (
				E36E76BC27161AA000BE566D /* StackAlarmItem.swift */,
			);
			path = CustomElements;
			sourceTree = "<group>";
		};
		E3A6A02C270A4232005D2AEA /* CustomElements */ = {
			isa = PBXGroup;
			children = (
				E3A6A02D270A424B005D2AEA /* AlarmCollectionViewCell.swift */,
			);
			path = CustomElements;
			sourceTree = "<group>";
		};
		E3A6A035270B87DA005D2AEA /* NewAlarm */ = {
			isa = PBXGroup;
			children = (
				E3A6A039270B882F005D2AEA /* NewAlarmGraph.swift */,
				E3A6A036270B882F005D2AEA /* NewAlarmInteractor.swift */,
				E3A6A038270B882F005D2AEA /* NewAlarmPresenter.swift */,
				E3A6A037270B882F005D2AEA /* NewAlarmRouter.swift */,
				E3A6A03A270B882F005D2AEA /* NewAlarmVC.swift */,
			);
			path = NewAlarm;
			sourceTree = "<group>";
		};
		E3A6A040270B8949005D2AEA /* Utils */ = {
			isa = PBXGroup;
			children = (
				E3A6A041270B8956005D2AEA /* UIViewController+Utils.swift */,
			);
			path = Utils;
			sourceTree = "<group>";
		};
		E3A6A043270B901B005D2AEA /* Common */ = {
			isa = PBXGroup;
			children = (
				E3A6A033270A498C005D2AEA /* CoreDataWorker.swift */,
				E3A6A044270B9033005D2AEA /* AlarmsListPresenter.swift */,
				E3A6A046270B9041005D2AEA /* AlarmsListInteractor.swift */,
				E3A6A048270B904D005D2AEA /* AlarmsListRouter.swift */,
				E3A6A04A270B9058005D2AEA /* AlarmsListGraph.swift */,
				E3A6A04C270B9143005D2AEA /* IAlarmsListVC.swift */,
				E36E76B62714CF3200BE566D /* AlarmUpdateObserver.swift */,
			);
			path = Common;
			sourceTree = "<group>";
		};
/* End PBXGroup section */

/* Begin PBXNativeTarget section */
		E3075407270A33E30054CDF1 /* sktimokhina@edu.hse.ruPW3 */ = {
			isa = PBXNativeTarget;
			buildConfigurationList = E307541F270A33E90054CDF1 /* Build configuration list for PBXNativeTarget "sktimokhina@edu.hse.ruPW3" */;
			buildPhases = (
				E3075404270A33E30054CDF1 /* Sources */,
				E3075405270A33E30054CDF1 /* Frameworks */,
				E3075406270A33E30054CDF1 /* Resources */,
			);
			buildRules = (
			);
			dependencies = (
			);
			name = "sktimokhina@edu.hse.ruPW3";
			productName = "sktimokhina@edu.hse.ruPW3";
			productReference = E3075408270A33E30054CDF1 /* sktimokhina@edu.hse.ruPW3.app */;
			productType = "com.apple.product-type.application";
		};
/* End PBXNativeTarget section */

/* Begin PBXProject section */
		E3075400270A33E30054CDF1 /* Project object */ = {
			isa = PBXProject;
			attributes = {
				LastSwiftUpdateCheck = 1250;
				LastUpgradeCheck = 1250;
				TargetAttributes = {
					E3075407270A33E30054CDF1 = {
						CreatedOnToolsVersion = 12.5.1;
					};
				};
			};
			buildConfigurationList = E3075403270A33E30054CDF1 /* Build configuration list for PBXProject "sktimokhina@edu.hse.ruPW3" */;
			compatibilityVersion = "Xcode 9.3";
			developmentRegion = en;
			hasScannedForEncodings = 0;
			knownRegions = (
				en,
				Base,
			);
			mainGroup = E30753FF270A33E30054CDF1;
			productRefGroup = E3075409270A33E30054CDF1 /* Products */;
			projectDirPath = "";
			projectRoot = "";
			targets = (
				E3075407270A33E30054CDF1 /* sktimokhina@edu.hse.ruPW3 */,
			);
		};
/* End PBXProject section */

/* Begin PBXResourcesBuildPhase section */
		E3075406270A33E30054CDF1 /* Resources */ = {
			isa = PBXResourcesBuildPhase;
			buildActionMask = 2147483647;
			files = (
				E307541B270A33E90054CDF1 /* LaunchScreen.storyboard in Resources */,
				E3075418270A33E90054CDF1 /* Assets.xcassets in Resources */,
			);
			runOnlyForDeploymentPostprocessing = 0;
		};
/* End PBXResourcesBuildPhase section */

/* Begin PBXSourcesBuildPhase section */
		E3075404270A33E30054CDF1 /* Sources */ = {
			isa = PBXSourcesBuildPhase;
			buildActionMask = 2147483647;
			files = (
				E3075428270A353D0054CDF1 /* TabBarController.swift in Sources */,
				E3075416270A33E30054CDF1 /* CoreDataAlarms.xcdatamodeld in Sources */,
				E3A6A047270B9041005D2AEA /* AlarmsListInteractor.swift in Sources */,
				E3A6A045270B9033005D2AEA /* AlarmsListPresenter.swift in Sources */,
				E3A6A03D270B882F005D2AEA /* NewAlarmPresenter.swift in Sources */,
				E3A6A01E270A3CD1005D2AEA /* TableVC.swift in Sources */,
				E3A6A03F270B882F005D2AEA /* NewAlarmVC.swift in Sources */,
				E3A6A02E270A424B005D2AEA /* AlarmCollectionViewCell.swift in Sources */,
				E3A6A049270B904D005D2AEA /* AlarmsListRouter.swift in Sources */,
				E3A6A02B270A3DCB005D2AEA /* StackVC.swift in Sources */,
				E3A6A031270A48A7005D2AEA /* Alarm+CoreDataClass.swift in Sources */,
				E3A6A04D270B9143005D2AEA /* IAlarmsListVC.swift in Sources */,
				E3A6A03C270B882F005D2AEA /* NewAlarmRouter.swift in Sources */,
				E36E76B72714CF3200BE566D /* AlarmUpdateObserver.swift in Sources */,
				E36E76BA2714D91300BE566D /* AlarmTableViewCell.swift in Sources */,
				E3A6A042270B8956005D2AEA /* UIViewController+Utils.swift in Sources */,
				E3A6A03B270B882F005D2AEA /* NewAlarmInteractor.swift in Sources */,
				E36E76BD27161AA000BE566D /* StackAlarmItem.swift in Sources */,
				E3A6A032270A48A7005D2AEA /* Alarm+CoreDataProperties.swift in Sources */,
				E33BD5C8270A38B900D6EA7C /* CollectionVC.swift in Sources */,
				E307540C270A33E30054CDF1 /* AppDelegate.swift in Sources */,
				E3A6A034270A498C005D2AEA /* CoreDataWorker.swift in Sources */,
				E3A6A04B270B9058005D2AEA /* AlarmsListGraph.swift in Sources */,
				E3A6A03E270B882F005D2AEA /* NewAlarmGraph.swift in Sources */,
			);
			runOnlyForDeploymentPostprocessing = 0;
		};
/* End PBXSourcesBuildPhase section */

/* Begin PBXVariantGroup section */
		E3075419270A33E90054CDF1 /* LaunchScreen.storyboard */ = {
			isa = PBXVariantGroup;
			children = (
				E307541A270A33E90054CDF1 /* Base */,
			);
			name = LaunchScreen.storyboard;
			sourceTree = "<group>";
		};
/* End PBXVariantGroup section */

/* Begin XCBuildConfiguration section */
		E307541D270A33E90054CDF1 /* Debug */ = {
			isa = XCBuildConfiguration;
			buildSettings = {
				ALWAYS_SEARCH_USER_PATHS = NO;
				CLANG_ANALYZER_NONNULL = YES;
				CLANG_ANALYZER_NUMBER_OBJECT_CONVERSION = YES_AGGRESSIVE;
				CLANG_CXX_LANGUAGE_STANDARD = "gnu++14";
				CLANG_CXX_LIBRARY = "libc++";
				CLANG_ENABLE_MODULES = YES;
				CLANG_ENABLE_OBJC_ARC = YES;
				CLANG_ENABLE_OBJC_WEAK = YES;
				CLANG_WARN_BLOCK_CAPTURE_AUTORELEASING = YES;
				CLANG_WARN_BOOL_CONVERSION = YES;
				CLANG_WARN_COMMA = YES;
				CLANG_WARN_CONSTANT_CONVERSION = YES;
				CLANG_WARN_DEPRECATED_OBJC_IMPLEMENTATIONS = YES;
				CLANG_WARN_DIRECT_OBJC_ISA_USAGE = YES_ERROR;
				CLANG_WARN_DOCUMENTATION_COMMENTS = YES;
				CLANG_WARN_EMPTY_BODY = YES;
				CLANG_WARN_ENUM_CONVERSION = YES;
				CLANG_WARN_INFINITE_RECURSION = YES;
				CLANG_WARN_INT_CONVERSION = YES;
				CLANG_WARN_NON_LITERAL_NULL_CONVERSION = YES;
				CLANG_WARN_OBJC_IMPLICIT_RETAIN_SELF = YES;
				CLANG_WARN_OBJC_LITERAL_CONVERSION = YES;
				CLANG_WARN_OBJC_ROOT_CLASS = YES_ERROR;
				CLANG_WARN_QUOTED_INCLUDE_IN_FRAMEWORK_HEADER = YES;
				CLANG_WARN_RANGE_LOOP_ANALYSIS = YES;
				CLANG_WARN_STRICT_PROTOTYPES = YES;
				CLANG_WARN_SUSPICIOUS_MOVE = YES;
				CLANG_WARN_UNGUARDED_AVAILABILITY = YES_AGGRESSIVE;
				CLANG_WARN_UNREACHABLE_CODE = YES;
				CLANG_WARN__DUPLICATE_METHOD_MATCH = YES;
				COPY_PHASE_STRIP = NO;
				DEBUG_INFORMATION_FORMAT = dwarf;
				ENABLE_STRICT_OBJC_MSGSEND = YES;
				ENABLE_TESTABILITY = YES;
				GCC_C_LANGUAGE_STANDARD = gnu11;
				GCC_DYNAMIC_NO_PIC = NO;
				GCC_NO_COMMON_BLOCKS = YES;
				GCC_OPTIMIZATION_LEVEL = 0;
				GCC_PREPROCESSOR_DEFINITIONS = (
					"DEBUG=1",
					"$(inherited)",
				);
				GCC_WARN_64_TO_32_BIT_CONVERSION = YES;
				GCC_WARN_ABOUT_RETURN_TYPE = YES_ERROR;
				GCC_WARN_UNDECLARED_SELECTOR = YES;
				GCC_WARN_UNINITIALIZED_AUTOS = YES_AGGRESSIVE;
				GCC_WARN_UNUSED_FUNCTION = YES;
				GCC_WARN_UNUSED_VARIABLE = YES;
				IPHONEOS_DEPLOYMENT_TARGET = 14.5;
				MTL_ENABLE_DEBUG_INFO = INCLUDE_SOURCE;
				MTL_FAST_MATH = YES;
				ONLY_ACTIVE_ARCH = YES;
				SDKROOT = iphoneos;
				SWIFT_ACTIVE_COMPILATION_CONDITIONS = DEBUG;
				SWIFT_OPTIMIZATION_LEVEL = "-Onone";
			};
			name = Debug;
		};
		E307541E270A33E90054CDF1 /* Release */ = {
			isa = XCBuildConfiguration;
			buildSettings = {
				ALWAYS_SEARCH_USER_PATHS = NO;
				CLANG_ANALYZER_NONNULL = YES;
				CLANG_ANALYZER_NUMBER_OBJECT_CONVERSION = YES_AGGRESSIVE;
				CLANG_CXX_LANGUAGE_STANDARD = "gnu++14";
				CLANG_CXX_LIBRARY = "libc++";
				CLANG_ENABLE_MODULES = YES;
				CLANG_ENABLE_OBJC_ARC = YES;
				CLANG_ENABLE_OBJC_WEAK = YES;
				CLANG_WARN_BLOCK_CAPTURE_AUTORELEASING = YES;
				CLANG_WARN_BOOL_CONVERSION = YES;
				CLANG_WARN_COMMA = YES;
				CLANG_WARN_CONSTANT_CONVERSION = YES;
				CLANG_WARN_DEPRECATED_OBJC_IMPLEMENTATIONS = YES;
				CLANG_WARN_DIRECT_OBJC_ISA_USAGE = YES_ERROR;
				CLANG_WARN_DOCUMENTATION_COMMENTS = YES;
				CLANG_WARN_EMPTY_BODY = YES;
				CLANG_WARN_ENUM_CONVERSION = YES;
				CLANG_WARN_INFINITE_RECURSION = YES;
				CLANG_WARN_INT_CONVERSION = YES;
				CLANG_WARN_NON_LITERAL_NULL_CONVERSION = YES;
				CLANG_WARN_OBJC_IMPLICIT_RETAIN_SELF = YES;
				CLANG_WARN_OBJC_LITERAL_CONVERSION = YES;
				CLANG_WARN_OBJC_ROOT_CLASS = YES_ERROR;
				CLANG_WARN_QUOTED_INCLUDE_IN_FRAMEWORK_HEADER = YES;
				CLANG_WARN_RANGE_LOOP_ANALYSIS = YES;
				CLANG_WARN_STRICT_PROTOTYPES = YES;
				CLANG_WARN_SUSPICIOUS_MOVE = YES;
				CLANG_WARN_UNGUARDED_AVAILABILITY = YES_AGGRESSIVE;
				CLANG_WARN_UNREACHABLE_CODE = YES;
				CLANG_WARN__DUPLICATE_METHOD_MATCH = YES;
				COPY_PHASE_STRIP = NO;
				DEBUG_INFORMATION_FORMAT = "dwarf-with-dsym";
				ENABLE_NS_ASSERTIONS = NO;
				ENABLE_STRICT_OBJC_MSGSEND = YES;
				GCC_C_LANGUAGE_STANDARD = gnu11;
				GCC_NO_COMMON_BLOCKS = YES;
				GCC_WARN_64_TO_32_BIT_CONVERSION = YES;
				GCC_WARN_ABOUT_RETURN_TYPE = YES_ERROR;
				GCC_WARN_UNDECLARED_SELECTOR = YES;
				GCC_WARN_UNINITIALIZED_AUTOS = YES_AGGRESSIVE;
				GCC_WARN_UNUSED_FUNCTION = YES;
				GCC_WARN_UNUSED_VARIABLE = YES;
				IPHONEOS_DEPLOYMENT_TARGET = 14.5;
				MTL_ENABLE_DEBUG_INFO = NO;
				MTL_FAST_MATH = YES;
				SDKROOT = iphoneos;
				SWIFT_COMPILATION_MODE = wholemodule;
				SWIFT_OPTIMIZATION_LEVEL = "-O";
				VALIDATE_PRODUCT = YES;
			};
			name = Release;
		};
		E3075420270A33E90054CDF1 /* Debug */ = {
			isa = XCBuildConfiguration;
			buildSettings = {
				ASSETCATALOG_COMPILER_APPICON_NAME = AppIcon;
				ASSETCATALOG_COMPILER_GLOBAL_ACCENT_COLOR_NAME = AccentColor;
				CODE_SIGN_STYLE = Automatic;
				DEVELOPMENT_TEAM = RDNK96LQH6;
				INFOPLIST_FILE = "sktimokhina@edu.hse.ruPW3/Info.plist";
				LD_RUNPATH_SEARCH_PATHS = (
					"$(inherited)",
					"@executable_path/Frameworks",
				);
				PRODUCT_BUNDLE_IDENTIFIER = "Sofya.sktimokhina-edu-hse-ruPW3";
				PRODUCT_NAME = "$(TARGET_NAME)";
				SWIFT_VERSION = 5.0;
				TARGETED_DEVICE_FAMILY = "1,2";
			};
			name = Debug;
		};
		E3075421270A33E90054CDF1 /* Release */ = {
			isa = XCBuildConfiguration;
			buildSettings = {
				ASSETCATALOG_COMPILER_APPICON_NAME = AppIcon;
				ASSETCATALOG_COMPILER_GLOBAL_ACCENT_COLOR_NAME = AccentColor;
				CODE_SIGN_STYLE = Automatic;
				DEVELOPMENT_TEAM = RDNK96LQH6;
				INFOPLIST_FILE = "sktimokhina@edu.hse.ruPW3/Info.plist";
				LD_RUNPATH_SEARCH_PATHS = (
					"$(inherited)",
					"@executable_path/Frameworks",
				);
				PRODUCT_BUNDLE_IDENTIFIER = "Sofya.sktimokhina-edu-hse-ruPW3";
				PRODUCT_NAME = "$(TARGET_NAME)";
				SWIFT_VERSION = 5.0;
				TARGETED_DEVICE_FAMILY = "1,2";
			};
			name = Release;
		};
/* End XCBuildConfiguration section */

/* Begin XCConfigurationList section */
		E3075403270A33E30054CDF1 /* Build configuration list for PBXProject "sktimokhina@edu.hse.ruPW3" */ = {
			isa = XCConfigurationList;
			buildConfigurations = (
				E307541D270A33E90054CDF1 /* Debug */,
				E307541E270A33E90054CDF1 /* Release */,
			);
			defaultConfigurationIsVisible = 0;
			defaultConfigurationName = Release;
		};
		E307541F270A33E90054CDF1 /* Build configuration list for PBXNativeTarget "sktimokhina@edu.hse.ruPW3" */ = {
			isa = XCConfigurationList;
			buildConfigurations = (
				E3075420270A33E90054CDF1 /* Debug */,
				E3075421270A33E90054CDF1 /* Release */,
			);
			defaultConfigurationIsVisible = 0;
			defaultConfigurationName = Release;
		};
/* End XCConfigurationList section */

/* Begin XCVersionGroup section */
		E3075414270A33E30054CDF1 /* CoreDataAlarms.xcdatamodeld */ = {
			isa = XCVersionGroup;
			children = (
				E3075415270A33E30054CDF1 /* sktimokhina_edu_hse_ruPW3.xcdatamodel */,
			);
			currentVersion = E3075415270A33E30054CDF1 /* sktimokhina_edu_hse_ruPW3.xcdatamodel */;
			path = CoreDataAlarms.xcdatamodeld;
			sourceTree = "<group>";
			versionGroupType = wrapper.xcdatamodel;
		};
/* End XCVersionGroup section */
	};
	rootObject = E3075400270A33E30054CDF1 /* Project object */;
}
